
Microsoft Visual Studio Solution File, Format Version 12.00
# Visual Studio Version 17
VisualStudioVersion = 17.11.35222.181
MinimumVisualStudioVersion = 10.0.40219.1
Project("{FAE04EC0-301F-11D3-BF4B-00C04F79EFBC}") = "DailyBlogProject_Backend", "DailyBlogProject_Backend\DailyBlogProject_Backend.csproj", "{3E1636F0-2977-4348-9778-C14B7C75C666}"
EndProject
Global
	GlobalSection(SolutionConfigurationPlatforms) = preSolution
		Debug|Any CPU = Debug|Any CPU
		Release|Any CPU = Release|Any CPU
	EndGlobalSection
	GlobalSection(ProjectConfigurationPlatforms) = postSolution
		{3E1636F0-2977-4348-9778-C14B7C75C666}.Debug|Any CPU.ActiveCfg = Debug|Any CPU
		{3E1636F0-2977-4348-9778-C14B7C75C666}.Debug|Any CPU.Build.0 = Debug|Any CPU
		{3E1636F0-2977-4348-9778-C14B7C75C666}.Release|Any CPU.ActiveCfg = Release|Any CPU
		{3E1636F0-2977-4348-9778-C14B7C75C666}.Release|Any CPU.Build.0 = Release|Any CPU
	EndGlobalSection
	GlobalSection(SolutionProperties) = preSolution
		HideSolutionNode = FALSE
	EndGlobalSection
	GlobalSection(ExtensibilityGlobals) = postSolution
		SolutionGuid = {2D75BA56-77C9-46A6-8D1A-819D99345FE8}
	EndGlobalSection
EndGlobal
